
Microsoft Visual Studio Solution File, Format Version 12.00
# Visual Studio Version 17
VisualStudioVersion = 17.2.32630.192
MinimumVisualStudioVersion = 10.0.40219.1
Project("{2150E333-8FDC-42A3-9474-1A3956D46DE8}") = "A-Domain", "A-Domain", "{27E76515-60CC-4C55-9656-8059A7E5B4AB}"
EndProject
Project("{2150E333-8FDC-42A3-9474-1A3956D46DE8}") = "B-Infrastructure", "B-Infrastructure", "{B3E99959-DF45-4AB3-B7A6-315233A02FED}"
EndProject
Project("{2150E333-8FDC-42A3-9474-1A3956D46DE8}") = "C-Services", "C-Services", "{13E88BA3-AD99-4386-89E9-CD5912FF8180}"
EndProject
Project("{2150E333-8FDC-42A3-9474-1A3956D46DE8}") = "D-EndPoint", "D-EndPoint", "{747C7A49-4935-4815-9A18-15425C39D8AC}"
EndProject
Project("{2150E333-8FDC-42A3-9474-1A3956D46DE8}") = "src", "src", "{89AC48C2-A864-4A35-BA9B-357818724F81}"
EndProject
Project("{9A19103F-16F7-4668-BE54-9A1E7A4F7556}") = "App.Domain", "App.Domain\App.Domain.csproj", "{BB534DE1-87AD-4F83-B7F5-10EA7D28690A}"
EndProject
Project("{9A19103F-16F7-4668-BE54-9A1E7A4F7556}") = "App.Infrastructures.SQLServer", "App.Infrastructures.SQLServer\App.Infrastructures.SQLServer.csproj", "{C3D0EB1A-88A4-4454-8B3A-6CCC08672361}"
EndProject
Project("{9A19103F-16F7-4668-BE54-9A1E7A4F7556}") = "App.Service", "App.Service\App.Service.csproj", "{BFD45CE9-9303-44D5-BE3C-DB38E451BF2C}"
	ProjectSection(ProjectDependencies) = postProject
		{BB534DE1-87AD-4F83-B7F5-10EA7D28690A} = {BB534DE1-87AD-4F83-B7F5-10EA7D28690A}
		{C3D0EB1A-88A4-4454-8B3A-6CCC08672361} = {C3D0EB1A-88A4-4454-8B3A-6CCC08672361}
	EndProjectSection
EndProject
Project("{9A19103F-16F7-4668-BE54-9A1E7A4F7556}") = "App.AppServices", "App.AppServices\App.AppServices.csproj", "{6AB5D9AA-D567-4B77-9346-FF9B54BFBBBC}"
	ProjectSection(ProjectDependencies) = postProject
		{BB534DE1-87AD-4F83-B7F5-10EA7D28690A} = {BB534DE1-87AD-4F83-B7F5-10EA7D28690A}
		{BFD45CE9-9303-44D5-BE3C-DB38E451BF2C} = {BFD45CE9-9303-44D5-BE3C-DB38E451BF2C}
	EndProjectSection
EndProject
Project("{9A19103F-16F7-4668-BE54-9A1E7A4F7556}") = "App.EndPoint.MVC", "App.Endpint.MVC\App.EndPoint.MVC.csproj", "{87B8CE87-FDE4-42F3-8F96-F27E5A072EAB}"
	ProjectSection(ProjectDependencies) = postProject
		{6AB5D9AA-D567-4B77-9346-FF9B54BFBBBC} = {6AB5D9AA-D567-4B77-9346-FF9B54BFBBBC}
		{BB534DE1-87AD-4F83-B7F5-10EA7D28690A} = {BB534DE1-87AD-4F83-B7F5-10EA7D28690A}
		{BFD45CE9-9303-44D5-BE3C-DB38E451BF2C} = {BFD45CE9-9303-44D5-BE3C-DB38E451BF2C}
		{C3D0EB1A-88A4-4454-8B3A-6CCC08672361} = {C3D0EB1A-88A4-4454-8B3A-6CCC08672361}
	EndProjectSection
EndProject
Global
	GlobalSection(SolutionConfigurationPlatforms) = preSolution
		Debug|Any CPU = Debug|Any CPU
		Release|Any CPU = Release|Any CPU
	EndGlobalSection
	GlobalSection(ProjectConfigurationPlatforms) = postSolution
		{BB534DE1-87AD-4F83-B7F5-10EA7D28690A}.Debug|Any CPU.ActiveCfg = Debug|Any CPU
		{BB534DE1-87AD-4F83-B7F5-10EA7D28690A}.Debug|Any CPU.Build.0 = Debug|Any CPU
		{BB534DE1-87AD-4F83-B7F5-10EA7D28690A}.Release|Any CPU.ActiveCfg = Release|Any CPU
		{BB534DE1-87AD-4F83-B7F5-10EA7D28690A}.Release|Any CPU.Build.0 = Release|Any CPU
		{C3D0EB1A-88A4-4454-8B3A-6CCC08672361}.Debug|Any CPU.ActiveCfg = Debug|Any CPU
		{C3D0EB1A-88A4-4454-8B3A-6CCC08672361}.Debug|Any CPU.Build.0 = Debug|Any CPU
		{C3D0EB1A-88A4-4454-8B3A-6CCC08672361}.Release|Any CPU.ActiveCfg = Release|Any CPU
		{C3D0EB1A-88A4-4454-8B3A-6CCC08672361}.Release|Any CPU.Build.0 = Release|Any CPU
		{BFD45CE9-9303-44D5-BE3C-DB38E451BF2C}.Debug|Any CPU.ActiveCfg = Debug|Any CPU
		{BFD45CE9-9303-44D5-BE3C-DB38E451BF2C}.Debug|Any CPU.Build.0 = Debug|Any CPU
		{BFD45CE9-9303-44D5-BE3C-DB38E451BF2C}.Release|Any CPU.ActiveCfg = Release|Any CPU
		{BFD45CE9-9303-44D5-BE3C-DB38E451BF2C}.Release|Any CPU.Build.0 = Release|Any CPU
		{6AB5D9AA-D567-4B77-9346-FF9B54BFBBBC}.Debug|Any CPU.ActiveCfg = Debug|Any CPU
		{6AB5D9AA-D567-4B77-9346-FF9B54BFBBBC}.Debug|Any CPU.Build.0 = Debug|Any CPU
		{6AB5D9AA-D567-4B77-9346-FF9B54BFBBBC}.Release|Any CPU.ActiveCfg = Release|Any CPU
		{6AB5D9AA-D567-4B77-9346-FF9B54BFBBBC}.Release|Any CPU.Build.0 = Release|Any CPU
		{87B8CE87-FDE4-42F3-8F96-F27E5A072EAB}.Debug|Any CPU.ActiveCfg = Debug|Any CPU
		{87B8CE87-FDE4-42F3-8F96-F27E5A072EAB}.Debug|Any CPU.Build.0 = Debug|Any CPU
		{87B8CE87-FDE4-42F3-8F96-F27E5A072EAB}.Release|Any CPU.ActiveCfg = Release|Any CPU
		{87B8CE87-FDE4-42F3-8F96-F27E5A072EAB}.Release|Any CPU.Build.0 = Release|Any CPU
	EndGlobalSection
	GlobalSection(SolutionProperties) = preSolution
		HideSolutionNode = FALSE
	EndGlobalSection
	GlobalSection(NestedProjects) = preSolution
		{27E76515-60CC-4C55-9656-8059A7E5B4AB} = {89AC48C2-A864-4A35-BA9B-357818724F81}
		{B3E99959-DF45-4AB3-B7A6-315233A02FED} = {89AC48C2-A864-4A35-BA9B-357818724F81}
		{13E88BA3-AD99-4386-89E9-CD5912FF8180} = {89AC48C2-A864-4A35-BA9B-357818724F81}
		{747C7A49-4935-4815-9A18-15425C39D8AC} = {89AC48C2-A864-4A35-BA9B-357818724F81}
		{BB534DE1-87AD-4F83-B7F5-10EA7D28690A} = {27E76515-60CC-4C55-9656-8059A7E5B4AB}
		{C3D0EB1A-88A4-4454-8B3A-6CCC08672361} = {B3E99959-DF45-4AB3-B7A6-315233A02FED}
		{BFD45CE9-9303-44D5-BE3C-DB38E451BF2C} = {13E88BA3-AD99-4386-89E9-CD5912FF8180}
		{6AB5D9AA-D567-4B77-9346-FF9B54BFBBBC} = {13E88BA3-AD99-4386-89E9-CD5912FF8180}
		{87B8CE87-FDE4-42F3-8F96-F27E5A072EAB} = {747C7A49-4935-4815-9A18-15425C39D8AC}
	EndGlobalSection
	GlobalSection(ExtensibilityGlobals) = postSolution
		SolutionGuid = {41DA1EDD-B232-4E09-83FE-DB750B34AB07}
	EndGlobalSection
EndGlobal
